%{"cauldron": {:hex, :cauldron, "0.1.7", "b5e41b4f60df1930a803d4e47ce8af281c5be2e99fad543a70b9fcb2b9e70629", [:mix], [{:datastructures, "~> 0.2", [hex: :datastructures, optional: false]}, {:httprot, "~> 0.1", [hex: :httprot, optional: false]}, {:reagent, "~> 0.1", [hex: :reagent, optional: false]}]},
  "certifi": {:hex, :certifi, "1.0.0", "1c787a85b1855ba354f0b8920392c19aa1d06b0ee1362f9141279620a5be2039", [:rebar3], []},
  "combine": {:hex, :combine, "0.9.6", "8d1034a127d4cbf6924c8a5010d3534d958085575fa4d9b878f200d79ac78335", [:mix], []},
  "connection": {:hex, :connection, "1.0.4", "a1cae72211f0eef17705aaededacac3eb30e6625b04a6117c1b2db6ace7d5976", [:mix], []},
  "cowboy": {:hex, :cowboy, "1.1.2", "61ac29ea970389a88eca5a65601460162d370a70018afe6f949a29dca91f3bb0", [:rebar3], [{:cowlib, "~> 1.0.2", [hex: :cowlib, optional: false]}, {:ranch, "~> 1.3.2", [hex: :ranch, optional: false]}]},
  "cowlib": {:hex, :cowlib, "1.0.2", "9d769a1d062c9c3ac753096f868ca121e2730b9a377de23dec0f7e08b1df84ee", [:make], []},
  "datastructures": {:hex, :datastructures, "0.2.8", "cd9f53bed18f1d9526689a9559676c682b5a3ba230c1e3de187182f4ff86899c", [:mix], []},
  "db_connection": {:hex, :db_connection, "1.1.2", "2865c2a4bae0714e2213a0ce60a1b12d76a6efba0c51fbda59c9ab8d1accc7a8", [:mix], [{:connection, "~> 1.0.2", [hex: :connection, optional: false]}, {:poolboy, "~> 1.5", [hex: :poolboy, optional: true]}, {:sbroker, "~> 1.0", [hex: :sbroker, optional: true]}]},
  "decimal": {:hex, :decimal, "1.3.1", "157b3cedb2bfcb5359372a7766dd7a41091ad34578296e951f58a946fcab49c6", [:mix], []},
  "ecto": {:hex, :ecto, "2.1.4", "d1ba932813ec0e0d9db481ef2c17777f1cefb11fc90fa7c142ff354972dfba7e", [:mix], [{:db_connection, "~> 1.1", [hex: :db_connection, optional: true]}, {:decimal, "~> 1.2", [hex: :decimal, optional: false]}, {:mariaex, "~> 0.8.0", [hex: :mariaex, optional: true]}, {:poison, "~> 2.2 or ~> 3.0", [hex: :poison, optional: true]}, {:poolboy, "~> 1.5", [hex: :poolboy, optional: false]}, {:postgrex, "~> 0.13.0", [hex: :postgrex, optional: true]}, {:sbroker, "~> 1.0", [hex: :sbroker, optional: true]}]},
  "exts": {:hex, :exts, "0.3.4", "ec2af096ab4494c087a9615fffe9d5ba8a0fa0ccc465b340ee522ed7aff79078", [:mix], [{:datastructures, "~> 0.2", [hex: :datastructures, optional: false]}]},
  "gettext": {:hex, :gettext, "0.13.1", "5e0daf4e7636d771c4c71ad5f3f53ba09a9ae5c250e1ab9c42ba9edccc476263", [:mix], []},
  "hackney": {:hex, :hackney, "1.7.1", "e238c52c5df3c3b16ce613d3a51c7220a784d734879b1e231c9babd433ac1cb4", [:rebar3], [{:certifi, "1.0.0", [hex: :certifi, optional: false]}, {:idna, "4.0.0", [hex: :idna, optional: false]}, {:metrics, "1.0.1", [hex: :metrics, optional: false]}, {:mimerl, "1.0.2", [hex: :mimerl, optional: false]}, {:ssl_verify_fun, "1.1.1", [hex: :ssl_verify_fun, optional: false]}]},
  "httpoison": {:hex, :httpoison, "0.11.1", "d06c571274c0e77b6cc50e548db3fd7779f611fbed6681fd60a331f66c143a0b", [:mix], [{:hackney, "~> 1.7.0", [hex: :hackney, optional: false]}]},
  "httprot": {:hex, :httprot, "0.1.10", "7dc1b36c29cf901ddac073fe1ba05f425de6ac749b6ae59ffaf40b1be4283002", [:mix], [{:datastructures, "~> 0.2", [hex: :datastructures, optional: false]}, {:socket, "~> 0.3", [hex: :socket, optional: false]}]},
  "idna": {:hex, :idna, "4.0.0", "10aaa9f79d0b12cf0def53038547855b91144f1bfcc0ec73494f38bb7b9c4961", [:rebar3], []},
  "jazz": {:hex, :jazz, "0.2.1", "46cf8ed1bd8f02441d7870aae052c7dc0adcb722d7585c2f8824b30c4c34d100", [:mix], []},
  "maru": {:hex, :maru, "0.11.4", "35f4a0ab0eab5247f6b5b74bba30fcb63c575ea3157afb3dac0b6804b94a2a86", [:mix], [{:cowboy, "~> 1.0", [hex: :cowboy, optional: false]}, {:plug, "~> 1.0", [hex: :plug, optional: false]}, {:poison, "~> 1.5 or ~> 2.0 or ~> 3.0", [hex: :poison, optional: false]}]},
  "metrics": {:hex, :metrics, "1.0.1", "25f094dea2cda98213cecc3aeff09e940299d950904393b2a29d191c346a8486", [:rebar3], []},
  "mime": {:hex, :mime, "1.1.0", "01c1d6f4083d8aa5c7b8c246ade95139620ef8effb009edde934e0ec3b28090a", [:mix], []},
  "mimerl": {:hex, :mimerl, "1.0.2", "993f9b0e084083405ed8252b99460c4f0563e41729ab42d9074fd5e52439be88", [:rebar3], []},
  "pay": {:git, "https://github.com/era/pay.git", "1d1f79832ef746148d72184986f60224da39eaf2", []},
  "plug": {:hex, :plug, "1.3.4", "b4ef3a383f991bfa594552ded44934f2a9853407899d47ecc0481777fb1906f6", [:mix], [{:cowboy, "~> 1.0.1 or ~> 1.1", [hex: :cowboy, optional: true]}, {:mime, "~> 1.0", [hex: :mime, optional: false]}]},
  "poison": {:hex, :poison, "3.1.0", "d9eb636610e096f86f25d9a46f35a9facac35609a7591b3be3326e99a0484665", [:mix], []},
  "poolboy": {:hex, :poolboy, "1.5.1", "6b46163901cfd0a1b43d692657ed9d7e599853b3b21b95ae5ae0a777cf9b6ca8", [:rebar], []},
  "postgrex": {:hex, :postgrex, "0.13.2", "2b88168fc6a5456a27bfb54ccf0ba4025d274841a7a3af5e5deb1b755d95154e", [:mix], [{:connection, "~> 1.0", [hex: :connection, optional: false]}, {:db_connection, "~> 1.1", [hex: :db_connection, optional: false]}, {:decimal, "~> 1.0", [hex: :decimal, optional: false]}]},
  "ranch": {:hex, :ranch, "1.3.2", "e4965a144dc9fbe70e5c077c65e73c57165416a901bd02ea899cfd95aa890986", [:rebar3], []},
  "reagent": {:hex, :reagent, "0.1.14", "f6eaa35266091a41c93ae18b510472fa7c931c1f67a030d213ab0206ace843e1", [:mix], [{:exts, "~> 0.3", [hex: :exts, optional: false]}, {:socket, "~> 0.3", [hex: :socket, optional: false]}]},
  "socket": {:hex, :socket, "0.3.11", "46004230045c2207c0b90adb9abe3ba15a83e634b341ac37af39a4adf48ed00b", [:mix], []},
  "ssl_verify_fun": {:hex, :ssl_verify_fun, "1.1.1", "28a4d65b7f59893bc2c7de786dec1e1555bd742d336043fe644ae956c3497fbe", [:make, :rebar], []},
  "timex": {:hex, :timex, "3.1.13", "48b33162e3ec33e9a08fb5f98e3f3c19c3e328dded3156096c1969b77d33eef0", [:mix], [{:combine, "~> 0.7", [hex: :combine, optional: false]}, {:gettext, "~> 0.10", [hex: :gettext, optional: false]}, {:tzdata, "~> 0.1.8 or ~> 0.5", [hex: :tzdata, optional: false]}]},
  "tzdata": {:hex, :tzdata, "0.5.11", "3d5469a9f46bdf4a8760333dbdabdcc4751325035c454b10521f71e7c611ae50", [:mix], [{:hackney, "~> 1.0", [hex: :hackney, optional: false]}]},
  "urna": {:hex, :urna, "0.2.0", "cb7ee9894c446f495564c56f05e417e0bb703abbfb0e8315d22232877f7fbee5", [:mix], [{:cauldron, "~> 0.1", [hex: :cauldron, optional: false]}, {:poison, "~> 3.0", [hex: :poison, optional: false]}]}}
